
Microsoft Visual Studio Solution File, Format Version 12.00
# Visual Studio Version 16
VisualStudioVersion = 16.0.29911.84
MinimumVisualStudioVersion = 10.0.40219.1
Project("{9A19103F-16F7-4668-BE54-9A1E7A4F7556}") = "GadgetsAndGizmos", "GadgetsAndGizmos\GadgetsAndGizmos.csproj", "{38E69D9D-0A33-443C-9EE3-2714C6F33F02}"
EndProject
Project("{9A19103F-16F7-4668-BE54-9A1E7A4F7556}") = "GadgetsAndGizmos.DataAccessLayer", "GadgetsAndGizmos.DataAccessLayer\GadgetsAndGizmos.DataAccessLayer.csproj", "{4087A80F-AF88-4760-9A26-189C7484F9DA}"
EndProject
Project("{9A19103F-16F7-4668-BE54-9A1E7A4F7556}") = "GadgetsAndGizmos.Utilities", "GadgetsAndGizmos.Utilities\GadgetsAndGizmos.Utilities.csproj", "{9D8BDF6E-53DF-42B9-A6FF-2146EF71C7DC}"
EndProject
Project("{9A19103F-16F7-4668-BE54-9A1E7A4F7556}") = "GadgetsAndGizmos.Models", "GadgetsAndGizmos.Models\GadgetsAndGizmos.Models.csproj", "{E92FEFEE-983C-4E50-B436-B082CD54C2FE}"
EndProject
Global
	GlobalSection(SolutionConfigurationPlatforms) = preSolution
		Debug|Any CPU = Debug|Any CPU
		Release|Any CPU = Release|Any CPU
	EndGlobalSection
	GlobalSection(ProjectConfigurationPlatforms) = postSolution
		{38E69D9D-0A33-443C-9EE3-2714C6F33F02}.Debug|Any CPU.ActiveCfg = Debug|Any CPU
		{38E69D9D-0A33-443C-9EE3-2714C6F33F02}.Debug|Any CPU.Build.0 = Debug|Any CPU
		{38E69D9D-0A33-443C-9EE3-2714C6F33F02}.Release|Any CPU.ActiveCfg = Release|Any CPU
		{38E69D9D-0A33-443C-9EE3-2714C6F33F02}.Release|Any CPU.Build.0 = Release|Any CPU
		{4087A80F-AF88-4760-9A26-189C7484F9DA}.Debug|Any CPU.ActiveCfg = Debug|Any CPU
		{4087A80F-AF88-4760-9A26-189C7484F9DA}.Debug|Any CPU.Build.0 = Debug|Any CPU
		{4087A80F-AF88-4760-9A26-189C7484F9DA}.Release|Any CPU.ActiveCfg = Release|Any CPU
		{4087A80F-AF88-4760-9A26-189C7484F9DA}.Release|Any CPU.Build.0 = Release|Any CPU
		{9D8BDF6E-53DF-42B9-A6FF-2146EF71C7DC}.Debug|Any CPU.ActiveCfg = Debug|Any CPU
		{9D8BDF6E-53DF-42B9-A6FF-2146EF71C7DC}.Debug|Any CPU.Build.0 = Debug|Any CPU
		{9D8BDF6E-53DF-42B9-A6FF-2146EF71C7DC}.Release|Any CPU.ActiveCfg = Release|Any CPU
		{9D8BDF6E-53DF-42B9-A6FF-2146EF71C7DC}.Release|Any CPU.Build.0 = Release|Any CPU
		{E92FEFEE-983C-4E50-B436-B082CD54C2FE}.Debug|Any CPU.ActiveCfg = Debug|Any CPU
		{E92FEFEE-983C-4E50-B436-B082CD54C2FE}.Debug|Any CPU.Build.0 = Debug|Any CPU
		{E92FEFEE-983C-4E50-B436-B082CD54C2FE}.Release|Any CPU.ActiveCfg = Release|Any CPU
		{E92FEFEE-983C-4E50-B436-B082CD54C2FE}.Release|Any CPU.Build.0 = Release|Any CPU
	EndGlobalSection
	GlobalSection(SolutionProperties) = preSolution
		HideSolutionNode = FALSE
	EndGlobalSection
	GlobalSection(ExtensibilityGlobals) = postSolution
		SolutionGuid = {8BE578EC-851B-4474-BCB4-B87BF0E53C18}
	EndGlobalSection
EndGlobal
